// !$*UTF8*$!
{
	archiveVersion = 1;
	classes = {
	};
	objectVersion = 46;
	objects = {

/* Begin PBXBuildFile section */
		1865C0F31EEAC1E400CECD17 /* AppDelegate.swift in Sources */ = {isa = PBXBuildFile; fileRef = 1865C0F21EEAC1E400CECD17 /* AppDelegate.swift */; };
		1865C1081EEAC1E500CECD17 /* WeakPointerArrayTests.swift in Sources */ = {isa = PBXBuildFile; fileRef = 1865C1071EEAC1E500CECD17 /* WeakPointerArrayTests.swift */; };
		1865C1141EEAC20C00CECD17 /* WeakPointerArray.swift in Sources */ = {isa = PBXBuildFile; fileRef = 1865C1131EEAC20C00CECD17 /* WeakPointerArray.swift */; };
/* End PBXBuildFile section */

/* Begin PBXContainerItemProxy section */
		1865C1041EEAC1E500CECD17 /* PBXContainerItemProxy */ = {
			isa = PBXContainerItemProxy;
			containerPortal = 1865C0E71EEAC1E400CECD17 /* Project object */;
			proxyType = 1;
			remoteGlobalIDString = 1865C0EE1EEAC1E400CECD17;
			remoteInfo = WeakPointerArray;
		};
/* End PBXContainerItemProxy section */

/* Begin PBXFileReference section */
		1865C0EF1EEAC1E400CECD17 /* WeakPointerArray.app */ = {isa = PBXFileReference; explicitFileType = wrapper.application; includeInIndex = 0; path = WeakPointerArray.app; sourceTree = BUILT_PRODUCTS_DIR; };
		1865C0F21EEAC1E400CECD17 /* AppDelegate.swift */ = {isa = PBXFileReference; lastKnownFileType = sourcecode.swift; path = AppDelegate.swift; sourceTree = "<group>"; };
		1865C0FE1EEAC1E500CECD17 /* Info.plist */ = {isa = PBXFileReference; lastKnownFileType = text.plist.xml; path = Info.plist; sourceTree = "<group>"; };
		1865C1031EEAC1E500CECD17 /* WeakPointerArrayTests.xctest */ = {isa = PBXFileReference; explicitFileType = wrapper.cfbundle; includeInIndex = 0; path = WeakPointerArrayTests.xctest; sourceTree = BUILT_PRODUCTS_DIR; };
		1865C1071EEAC1E500CECD17 /* WeakPointerArrayTests.swift */ = {isa = PBXFileReference; lastKnownFileType = sourcecode.swift; path = WeakPointerArrayTests.swift; sourceTree = "<group>"; };
		1865C1091EEAC1E500CECD17 /* Info.plist */ = {isa = PBXFileReference; lastKnownFileType = text.plist.xml; path = Info.plist; sourceTree = "<group>"; };
		1865C1131EEAC20C00CECD17 /* WeakPointerArray.swift */ = {isa = PBXFileReference; fileEncoding = 4; lastKnownFileType = sourcecode.swift; path = WeakPointerArray.swift; sourceTree = "<group>"; };
/* End PBXFileReference section */

/* Begin PBXFrameworksBuildPhase section */
		1865C0EC1EEAC1E400CECD17 /* Frameworks */ = {
			isa = PBXFrameworksBuildPhase;
			buildActionMask = 2147483647;
			files = (
			);
			runOnlyForDeploymentPostprocessing = 0;
		};
		1865C1001EEAC1E500CECD17 /* Frameworks */ = {
			isa = PBXFrameworksBuildPhase;
			buildActionMask = 2147483647;
			files = (
			);
			runOnlyForDeploymentPostprocessing = 0;
		};
/* End PBXFrameworksBuildPhase section */

/* Begin PBXGroup section */
		1865C0E61EEAC1E400CECD17 = {
			isa = PBXGroup;
			children = (
				1865C0F11EEAC1E400CECD17 /* WeakPointerArray */,
				1865C1061EEAC1E500CECD17 /* WeakPointerArrayTests */,
				1865C0F01EEAC1E400CECD17 /* Products */,
			);
			sourceTree = "<group>";
		};
		1865C0F01EEAC1E400CECD17 /* Products */ = {
			isa = PBXGroup;
			children = (
				1865C0EF1EEAC1E400CECD17 /* WeakPointerArray.app */,
				1865C1031EEAC1E500CECD17 /* WeakPointerArrayTests.xctest */,
			);
			name = Products;
			sourceTree = "<group>";
		};
		1865C0F11EEAC1E400CECD17 /* WeakPointerArray */ = {
			isa = PBXGroup;
			children = (
				1865C1121EEAC1F900CECD17 /* src */,
				1865C0F21EEAC1E400CECD17 /* AppDelegate.swift */,
				1865C0FE1EEAC1E500CECD17 /* Info.plist */,
			);
			path = WeakPointerArray;
			sourceTree = "<group>";
		};
		1865C1061EEAC1E500CECD17 /* WeakPointerArrayTests */ = {
			isa = PBXGroup;
			children = (
				1865C1071EEAC1E500CECD17 /* WeakPointerArrayTests.swift */,
				1865C1091EEAC1E500CECD17 /* Info.plist */,
			);
			path = WeakPointerArrayTests;
			sourceTree = "<group>";
		};
		1865C1121EEAC1F900CECD17 /* src */ = {
			isa = PBXGroup;
			children = (
				1865C1131EEAC20C00CECD17 /* WeakPointerArray.swift */,
			);
			path = src;
			sourceTree = "<group>";
		};
/* End PBXGroup section */

/* Begin PBXNativeTarget section */
		1865C0EE1EEAC1E400CECD17 /* WeakPointerArray */ = {
			isa = PBXNativeTarget;
			buildConfigurationList = 1865C10C1EEAC1E500CECD17 /* Build configuration list for PBXNativeTarget "WeakPointerArray" */;
			buildPhases = (
				1865C0EB1EEAC1E400CECD17 /* Sources */,
				1865C0EC1EEAC1E400CECD17 /* Frameworks */,
				1865C0ED1EEAC1E400CECD17 /* Resources */,
			);
			buildRules = (
			);
			dependencies = (
			);
			name = WeakPointerArray;
			productName = WeakPointerArray;
			productReference = 1865C0EF1EEAC1E400CECD17 /* WeakPointerArray.app */;
			productType = "com.apple.product-type.application";
		};
		1865C1021EEAC1E500CECD17 /* WeakPointerArrayTests */ = {
			isa = PBXNativeTarget;
			buildConfigurationList = 1865C10F1EEAC1E500CECD17 /* Build configuration list for PBXNativeTarget "WeakPointerArrayTests" */;
			buildPhases = (
				1865C0FF1EEAC1E500CECD17 /* Sources */,
				1865C1001EEAC1E500CECD17 /* Frameworks */,
				1865C1011EEAC1E500CECD17 /* Resources */,
			);
			buildRules = (
			);
			dependencies = (
				1865C1051EEAC1E500CECD17 /* PBXTargetDependency */,
			);
			name = WeakPointerArrayTests;
			productName = WeakPointerArrayTests;
			productReference = 1865C1031EEAC1E500CECD17 /* WeakPointerArrayTests.xctest */;
			productType = "com.apple.product-type.bundle.unit-test";
		};
/* End PBXNativeTarget section */

/* Begin PBXProject section */
		1865C0E71EEAC1E400CECD17 /* Project object */ = {
			isa = PBXProject;
			attributes = {
				LastSwiftUpdateCheck = 0830;
				LastUpgradeCheck = 0830;
				ORGANIZATIONNAME = NickRybalko;
				TargetAttributes = {
					1865C0EE1EEAC1E400CECD17 = {
						CreatedOnToolsVersion = 8.3.3;
						ProvisioningStyle = Automatic;
					};
					1865C1021EEAC1E500CECD17 = {
						CreatedOnToolsVersion = 8.3.3;
						ProvisioningStyle = Automatic;
						TestTargetID = 1865C0EE1EEAC1E400CECD17;
					};
				};
			};
			buildConfigurationList = 1865C0EA1EEAC1E400CECD17 /* Build configuration list for PBXProject "WeakPointerArray" */;
			compatibilityVersion = "Xcode 3.2";
			developmentRegion = English;
			hasScannedForEncodings = 0;
			knownRegions = (
				en,
				Base,
			);
			mainGroup = 1865C0E61EEAC1E400CECD17;
			productRefGroup = 1865C0F01EEAC1E400CECD17 /* Products */;
			projectDirPath = "";
			projectRoot = "";
			targets = (
				1865C0EE1EEAC1E400CECD17 /* WeakPointerArray */,
				1865C1021EEAC1E500CECD17 /* WeakPointerArrayTests */,
			);
		};
/* End PBXProject section */

/* Begin PBXResourcesBuildPhase section */
		1865C0ED1EEAC1E400CECD17 /* Resources */ = {
			isa = PBXResourcesBuildPhase;
			buildActionMask = 2147483647;
			files = (
			);
			runOnlyForDeploymentPostprocessing = 0;
		};
		1865C1011EEAC1E500CECD17 /* Resources */ = {
			isa = PBXResourcesBuildPhase;
			buildActionMask = 2147483647;
			files = (
			);
			runOnlyForDeploymentPostprocessing = 0;
		};
/* End PBXResourcesBuildPhase section */

/* Begin PBXSourcesBuildPhase section */
		1865C0EB1EEAC1E400CECD17 /* Sources */ = {
			isa = PBXSourcesBuildPhase;
			buildActionMask = 2147483647;
			files = (
				1865C0F31EEAC1E400CECD17 /* AppDelegate.swift in Sources */,
				1865C1141EEAC20C00CECD17 /* WeakPointerArray.swift in Sources */,
			);
			runOnlyForDeploymentPostprocessing = 0;
		};
		1865C0FF1EEAC1E500CECD17 /* Sources */ = {
			isa = PBXSourcesBuildPhase;
			buildActionMask = 2147483647;
			files = (
				1865C1081EEAC1E500CECD17 /* WeakPointerArrayTests.swift in Sources */,
			);
			runOnlyForDeploymentPostprocessing = 0;
		};
/* End PBXSourcesBuildPhase section */

/* Begin PBXTargetDependency section */
		1865C1051EEAC1E500CECD17 /* PBXTargetDependency */ = {
			isa = PBXTargetDependency;
			target = 1865C0EE1EEAC1E400CECD17 /* WeakPointerArray */;
			targetProxy = 1865C1041EEAC1E500CECD17 /* PBXContainerItemProxy */;
		};
/* End PBXTargetDependency section */

/* Begin XCBuildConfiguration section */
		1865C10A1EEAC1E500CECD17 /* Debug */ = {
			isa = XCBuildConfiguration;
			buildSettings = {
				ALWAYS_SEARCH_USER_PATHS = NO;
				CLANG_ANALYZER_NONNULL = YES;
				CLANG_ANALYZER_NUMBER_OBJECT_CONVERSION = YES_AGGRESSIVE;
				CLANG_CXX_LANGUAGE_STANDARD = "gnu++0x";
				CLANG_CXX_LIBRARY = "libc++";
				CLANG_ENABLE_MODULES = YES;
				CLANG_ENABLE_OBJC_ARC = YES;
				CLANG_WARN_BOOL_CONVERSION = YES;
				CLANG_WARN_CONSTANT_CONVERSION = YES;
				CLANG_WARN_DIRECT_OBJC_ISA_USAGE = YES_ERROR;
				CLANG_WARN_DOCUMENTATION_COMMENTS = YES;
				CLANG_WARN_EMPTY_BODY = YES;
				CLANG_WARN_ENUM_CONVERSION = YES;
				CLANG_WARN_INFINITE_RECURSION = YES;
				CLANG_WARN_INT_CONVERSION = YES;
				CLANG_WARN_OBJC_ROOT_CLASS = YES_ERROR;
				CLANG_WARN_SUSPICIOUS_MOVE = YES;
				CLANG_WARN_UNREACHABLE_CODE = YES;
				CLANG_WARN__DUPLICATE_METHOD_MATCH = YES;
				"CODE_SIGN_IDENTITY[sdk=iphoneos*]" = "iPhone Developer";
				COPY_PHASE_STRIP = NO;
				DEBUG_INFORMATION_FORMAT = dwarf;
				ENABLE_STRICT_OBJC_MSGSEND = YES;
				ENABLE_TESTABILITY = YES;
				GCC_C_LANGUAGE_STANDARD = gnu99;
				GCC_DYNAMIC_NO_PIC = NO;
				GCC_NO_COMMON_BLOCKS = YES;
				GCC_OPTIMIZATION_LEVEL = 0;
				GCC_PREPROCESSOR_DEFINITIONS = (
					"DEBUG=1",
					"$(inherited)",
				);
				GCC_WARN_64_TO_32_BIT_CONVERSION = YES;
				GCC_WARN_ABOUT_RETURN_TYPE = YES_ERROR;
				GCC_WARN_UNDECLARED_SELECTOR = YES;
				GCC_WARN_UNINITIALIZED_AUTOS = YES_AGGRESSIVE;
				GCC_WARN_UNUSED_FUNCTION = YES;
				GCC_WARN_UNUSED_VARIABLE = YES;
				IPHONEOS_DEPLOYMENT_TARGET = 9.0;
				MTL_ENABLE_DEBUG_INFO = YES;
				ONLY_ACTIVE_ARCH = YES;
				SDKROOT = iphoneos;
				SWIFT_ACTIVE_COMPILATION_CONDITIONS = DEBUG;
				SWIFT_OPTIMIZATION_LEVEL = "-Onone";
			};
			name = Debug;
		};
		1865C10B1EEAC1E500CECD17 /* Release */ = {
			isa = XCBuildConfiguration;
			buildSettings = {
				ALWAYS_SEARCH_USER_PATHS = NO;
				CLANG_ANALYZER_NONNULL = YES;
				CLANG_ANALYZER_NUMBER_OBJECT_CONVERSION = YES_AGGRESSIVE;
				CLANG_CXX_LANGUAGE_STANDARD = "gnu++0x";
				CLANG_CXX_LIBRARY = "libc++";
				CLANG_ENABLE_MODULES = YES;
				CLANG_ENABLE_OBJC_ARC = YES;
				CLANG_WARN_BOOL_CONVERSION = YES;
				CLANG_WARN_CONSTANT_CONVERSION = YES;
				CLANG_WARN_DIRECT_OBJC_ISA_USAGE = YES_ERROR;
				CLANG_WARN_DOCUMENTATION_COMMENTS = YES;
				CLANG_WARN_EMPTY_BODY = YES;
				CLANG_WARN_ENUM_CONVERSION = YES;
				CLANG_WARN_INFINITE_RECURSION = YES;
				CLANG_WARN_INT_CONVERSION = YES;
				CLANG_WARN_OBJC_ROOT_CLASS = YES_ERROR;
				CLANG_WARN_SUSPICIOUS_MOVE = YES;
				CLANG_WARN_UNREACHABLE_CODE = YES;
				CLANG_WARN__DUPLICATE_METHOD_MATCH = YES;
				"CODE_SIGN_IDENTITY[sdk=iphoneos*]" = "iPhone Developer";
				COPY_PHASE_STRIP = NO;
				DEBUG_INFORMATION_FORMAT = "dwarf-with-dsym";
				ENABLE_NS_ASSERTIONS = NO;
				ENABLE_STRICT_OBJC_MSGSEND = YES;
				GCC_C_LANGUAGE_STANDARD = gnu99;
				GCC_NO_COMMON_BLOCKS = YES;
				GCC_WARN_64_TO_32_BIT_CONVERSION = YES;
				GCC_WARN_ABOUT_RETURN_TYPE = YES_ERROR;
				GCC_WARN_UNDECLARED_SELECTOR = YES;
				GCC_WARN_UNINITIALIZED_AUTOS = YES_AGGRESSIVE;
				GCC_WARN_UNUSED_FUNCTION = YES;
				GCC_WARN_UNUSED_VARIABLE = YES;
				IPHONEOS_DEPLOYMENT_TARGET = 9.0;
				MTL_ENABLE_DEBUG_INFO = NO;
				SDKROOT = iphoneos;
				SWIFT_OPTIMIZATION_LEVEL = "-Owholemodule";
				VALIDATE_PRODUCT = YES;
			};
			name = Release;
		};
		1865C10D1EEAC1E500CECD17 /* Debug */ = {
			isa = XCBuildConfiguration;
			buildSettings = {
				ASSETCATALOG_COMPILER_APPICON_NAME = AppIcon;
				DEVELOPMENT_TEAM = "";
				INFOPLIST_FILE = WeakPointerArray/Info.plist;
				LD_RUNPATH_SEARCH_PATHS = "$(inherited) @executable_path/Frameworks";
				PRODUCT_BUNDLE_IDENTIFIER = com.NickRybalko.WeakPointerArray;
				PRODUCT_NAME = "$(TARGET_NAME)";
				SWIFT_VERSION = 3.0;
			};
			name = Debug;
		};
		1865C10E1EEAC1E500CECD17 /* Release */ = {
			isa = XCBuildConfiguration;
			buildSettings = {
				ASSETCATALOG_COMPILER_APPICON_NAME = AppIcon;
				DEVELOPMENT_TEAM = "";
				INFOPLIST_FILE = WeakPointerArray/Info.plist;
				LD_RUNPATH_SEARCH_PATHS = "$(inherited) @executable_path/Frameworks";
				PRODUCT_BUNDLE_IDENTIFIER = com.NickRybalko.WeakPointerArray;
				PRODUCT_NAME = "$(TARGET_NAME)";
				SWIFT_VERSION = 3.0;
			};
			name = Release;
		};
		1865C1101EEAC1E500CECD17 /* Debug */ = {
			isa = XCBuildConfiguration;
			buildSettings = {
				ALWAYS_EMBED_SWIFT_STANDARD_LIBRARIES = YES;
				BUNDLE_LOADER = "$(TEST_HOST)";
				INFOPLIST_FILE = WeakPointerArrayTests/Info.plist;
				LD_RUNPATH_SEARCH_PATHS = "$(inherited) @executable_path/Frameworks @loader_path/Frameworks";
				PRODUCT_BUNDLE_IDENTIFIER = com.NickRybalko.WeakPointerArrayTests;
				PRODUCT_NAME = "$(TARGET_NAME)";
				SWIFT_VERSION = 3.0;
				TEST_HOST = "$(BUILT_PRODUCTS_DIR)/WeakPointerArray.app/WeakPointerArray";
			};
			name = Debug;
		};
		1865C1111EEAC1E500CECD17 /* Release */ = {
			isa = XCBuildConfiguration;
			buildSettings = {
				ALWAYS_EMBED_SWIFT_STANDARD_LIBRARIES = YES;
				BUNDLE_LOADER = "$(TEST_HOST)";
				INFOPLIST_FILE = WeakPointerArrayTests/Info.plist;
				LD_RUNPATH_SEARCH_PATHS = "$(inherited) @executable_path/Frameworks @loader_path/Frameworks";
				PRODUCT_BUNDLE_IDENTIFIER = com.NickRybalko.WeakPointerArrayTests;
				PRODUCT_NAME = "$(TARGET_NAME)";
				SWIFT_VERSION = 3.0;
				TEST_HOST = "$(BUILT_PRODUCTS_DIR)/WeakPointerArray.app/WeakPointerArray";
			};
			name = Release;
		};
/* End XCBuildConfiguration section */

/* Begin XCConfigurationList section */
		1865C0EA1EEAC1E400CECD17 /* Build configuration list for PBXProject "WeakPointerArray" */ = {
			isa = XCConfigurationList;
			buildConfigurations = (
				1865C10A1EEAC1E500CECD17 /* Debug */,
				1865C10B1EEAC1E500CECD17 /* Release */,
			);
			defaultConfigurationIsVisible = 0;
			defaultConfigurationName = Release;
		};
		1865C10C1EEAC1E500CECD17 /* Build configuration list for PBXNativeTarget "WeakPointerArray" */ = {
			isa = XCConfigurationList;
			buildConfigurations = (
				1865C10D1EEAC1E500CECD17 /* Debug */,
				1865C10E1EEAC1E500CECD17 /* Release */,
			);
			defaultConfigurationIsVisible = 0;
			defaultConfigurationName = Release;
		};
		1865C10F1EEAC1E500CECD17 /* Build configuration list for PBXNativeTarget "WeakPointerArrayTests" */ = {
			isa = XCConfigurationList;
			buildConfigurations = (
				1865C1101EEAC1E500CECD17 /* Debug */,
				1865C1111EEAC1E500CECD17 /* Release */,
			);
			defaultConfigurationIsVisible = 0;
			defaultConfigurationName = Release;
		};
/* End XCConfigurationList section */
	};
	rootObject = 1865C0E71EEAC1E400CECD17 /* Project object */;
}
